
Microsoft Visual Studio Solution File, Format Version 12.00
# Visual Studio Version 17
VisualStudioVersion = 17.8.34511.84
MinimumVisualStudioVersion = 10.0.40219.1
Project("{9A19103F-16F7-4668-BE54-9A1E7A4F7556}") = "WPF_HTTP_Client", "WPF_HTTP_Client.csproj", "{33493954-6C8D-4384-9CF8-DFE2B0793955}"
EndProject
Global
	GlobalSection(SolutionConfigurationPlatforms) = preSolution
		Debug|Any CPU = Debug|Any CPU
		Release|Any CPU = Release|Any CPU
	EndGlobalSection
	GlobalSection(ProjectConfigurationPlatforms) = postSolution
		{33493954-6C8D-4384-9CF8-DFE2B0793955}.Debug|Any CPU.ActiveCfg = Debug|Any CPU
		{33493954-6C8D-4384-9CF8-DFE2B0793955}.Debug|Any CPU.Build.0 = Debug|Any CPU
		{33493954-6C8D-4384-9CF8-DFE2B0793955}.Release|Any CPU.ActiveCfg = Release|Any CPU
		{33493954-6C8D-4384-9CF8-DFE2B0793955}.Release|Any CPU.Build.0 = Release|Any CPU
	EndGlobalSection
	GlobalSection(SolutionProperties) = preSolution
		HideSolutionNode = FALSE
	EndGlobalSection
	GlobalSection(ExtensibilityGlobals) = postSolution
		SolutionGuid = {DAF58F35-DE27-4BB6-9CF4-14DC97F37227}
	EndGlobalSection
EndGlobal
